// !$*UTF8*$!
{
	archiveVersion = 1;
	classes = {
	};
	objectVersion = 46;
	objects = {

/* Begin PBXBuildFile section */
		2C2FD82F1F87ED9A003AD07B /* helperlib.h in Headers */ = {isa = PBXBuildFile; fileRef = 2C2FD82D1F87ED9A003AD07B /* helperlib.h */; settings = {ATTRIBUTES = (Public, ); }; };
		2C2FD8321F87ED9A003AD07B /* helperlib.framework in Frameworks */ = {isa = PBXBuildFile; fileRef = 2C2FD82B1F87ED9A003AD07B /* helperlib.framework */; };
		2C2FD8341F87ED9A003AD07B /* helperlib.framework in Embed Frameworks */ = {isa = PBXBuildFile; fileRef = 2C2FD82B1F87ED9A003AD07B /* helperlib.framework */; settings = {ATTRIBUTES = (CodeSignOnCopy, RemoveHeadersOnCopy, ); }; };
		2C53C44E1FA420CD00BFE61D /* OMGHTTPURLRQ.framework in Frameworks */ = {isa = PBXBuildFile; fileRef = 2C53C4491FA420CC00BFE61D /* OMGHTTPURLRQ.framework */; };
		2C62DBC41FA6B92700246744 /* KAll+CoreDataProperties.h in Headers */ = {isa = PBXBuildFile; fileRef = 2C62DBA01FA6B92700246744 /* KAll+CoreDataProperties.h */; settings = {ATTRIBUTES = (Public, ); }; };
		2C62DBC51FA6B92700246744 /* KAll+CoreDataClass.h in Headers */ = {isa = PBXBuildFile; fileRef = 2C62DBA11FA6B92700246744 /* KAll+CoreDataClass.h */; settings = {ATTRIBUTES = (Public, ); }; };
		2C62DBC81FA6B92700246744 /* KSession+CoreDataProperties.h in Headers */ = {isa = PBXBuildFile; fileRef = 2C62DBA41FA6B92700246744 /* KSession+CoreDataProperties.h */; settings = {ATTRIBUTES = (Public, ); }; };
		2C62DBC91FA6B92700246744 /* KSession+CoreDataClass.h in Headers */ = {isa = PBXBuildFile; fileRef = 2C62DBA51FA6B92700246744 /* KSession+CoreDataClass.h */; settings = {ATTRIBUTES = (Public, ); }; };
		2C62DBCC1FA6B92700246744 /* KCategoryItem+CoreDataProperties.h in Headers */ = {isa = PBXBuildFile; fileRef = 2C62DBA81FA6B92700246744 /* KCategoryItem+CoreDataProperties.h */; settings = {ATTRIBUTES = (Public, ); }; };
		2C62DBCD1FA6B92700246744 /* KCategoryItem+CoreDataClass.h in Headers */ = {isa = PBXBuildFile; fileRef = 2C62DBA91FA6B92700246744 /* KCategoryItem+CoreDataClass.h */; settings = {ATTRIBUTES = (Public, ); }; };
		2C62DBD01FA6B92700246744 /* KRoom+CoreDataProperties.h in Headers */ = {isa = PBXBuildFile; fileRef = 2C62DBAC1FA6B92700246744 /* KRoom+CoreDataProperties.h */; settings = {ATTRIBUTES = (Public, ); }; };
		2C62DBD11FA6B92700246744 /* KRoom+CoreDataClass.h in Headers */ = {isa = PBXBuildFile; fileRef = 2C62DBAD1FA6B92700246744 /* KRoom+CoreDataClass.h */; settings = {ATTRIBUTES = (Public, ); }; };
		2C62DBD41FA6B92700246744 /* KSpeaker+CoreDataProperties.h in Headers */ = {isa = PBXBuildFile; fileRef = 2C62DBB01FA6B92700246744 /* KSpeaker+CoreDataProperties.h */; settings = {ATTRIBUTES = (Public, ); }; };
		2C62DBD51FA6B92700246744 /* KSpeaker+CoreDataClass.h in Headers */ = {isa = PBXBuildFile; fileRef = 2C62DBB11FA6B92700246744 /* KSpeaker+CoreDataClass.h */; settings = {ATTRIBUTES = (Public, ); }; };
		2C62DBD81FA6B92700246744 /* KFavorite+CoreDataProperties.h in Headers */ = {isa = PBXBuildFile; fileRef = 2C62DBB41FA6B92700246744 /* KFavorite+CoreDataProperties.h */; settings = {ATTRIBUTES = (Public, ); }; };
		2C62DBD91FA6B92700246744 /* KFavorite+CoreDataClass.h in Headers */ = {isa = PBXBuildFile; fileRef = 2C62DBB51FA6B92700246744 /* KFavorite+CoreDataClass.h */; settings = {ATTRIBUTES = (Public, ); }; };
		2C62DBDC1FA6B92700246744 /* KLink+CoreDataProperties.h in Headers */ = {isa = PBXBuildFile; fileRef = 2C62DBB81FA6B92700246744 /* KLink+CoreDataProperties.h */; settings = {ATTRIBUTES = (Public, ); }; };
		2C62DBDD1FA6B92700246744 /* KLink+CoreDataClass.h in Headers */ = {isa = PBXBuildFile; fileRef = 2C62DBB91FA6B92700246744 /* KLink+CoreDataClass.h */; settings = {ATTRIBUTES = (Public, ); }; };
		2C62DBE01FA6B92700246744 /* KCategory+CoreDataProperties.h in Headers */ = {isa = PBXBuildFile; fileRef = 2C62DBBC1FA6B92700246744 /* KCategory+CoreDataProperties.h */; settings = {ATTRIBUTES = (Public, ); }; };
		2C62DBE11FA6B92700246744 /* KCategory+CoreDataClass.h in Headers */ = {isa = PBXBuildFile; fileRef = 2C62DBBD1FA6B92700246744 /* KCategory+CoreDataClass.h */; settings = {ATTRIBUTES = (Public, ); }; };
		2C62DBE41FA6B92700246744 /* KVote+CoreDataProperties.h in Headers */ = {isa = PBXBuildFile; fileRef = 2C62DBC01FA6B92700246744 /* KVote+CoreDataProperties.h */; settings = {ATTRIBUTES = (Public, ); }; };
		2C62DBE51FA6B92700246744 /* KVote+CoreDataClass.h in Headers */ = {isa = PBXBuildFile; fileRef = 2C62DBC11FA6B92700246744 /* KVote+CoreDataClass.h */; settings = {ATTRIBUTES = (Public, ); }; };
		2C62DBE81FA6BA3D00246744 /* KAll+CoreDataProperties.h in Sources */ = {isa = PBXBuildFile; fileRef = 2C62DBA01FA6B92700246744 /* KAll+CoreDataProperties.h */; };
		2C62DBE91FA6BA3D00246744 /* KAll+CoreDataClass.h in Sources */ = {isa = PBXBuildFile; fileRef = 2C62DBA11FA6B92700246744 /* KAll+CoreDataClass.h */; };
		2C62DBEA1FA6BA3D00246744 /* KAll+CoreDataClass.m in Sources */ = {isa = PBXBuildFile; fileRef = 2C62DBA21FA6B92700246744 /* KAll+CoreDataClass.m */; };
		2C62DBEB1FA6BA3D00246744 /* KAll+CoreDataProperties.m in Sources */ = {isa = PBXBuildFile; fileRef = 2C62DBA31FA6B92700246744 /* KAll+CoreDataProperties.m */; };
		2C62DBEC1FA6BA3D00246744 /* KSession+CoreDataProperties.h in Sources */ = {isa = PBXBuildFile; fileRef = 2C62DBA41FA6B92700246744 /* KSession+CoreDataProperties.h */; };
		2C62DBED1FA6BA3D00246744 /* KSession+CoreDataClass.h in Sources */ = {isa = PBXBuildFile; fileRef = 2C62DBA51FA6B92700246744 /* KSession+CoreDataClass.h */; };
		2C62DBEE1FA6BA3D00246744 /* KSession+CoreDataClass.m in Sources */ = {isa = PBXBuildFile; fileRef = 2C62DBA61FA6B92700246744 /* KSession+CoreDataClass.m */; };
		2C62DBEF1FA6BA3D00246744 /* KSession+CoreDataProperties.m in Sources */ = {isa = PBXBuildFile; fileRef = 2C62DBA71FA6B92700246744 /* KSession+CoreDataProperties.m */; };
		2C62DBF01FA6BA3D00246744 /* KCategoryItem+CoreDataProperties.h in Sources */ = {isa = PBXBuildFile; fileRef = 2C62DBA81FA6B92700246744 /* KCategoryItem+CoreDataProperties.h */; };
		2C62DBF11FA6BA3D00246744 /* KCategoryItem+CoreDataClass.h in Sources */ = {isa = PBXBuildFile; fileRef = 2C62DBA91FA6B92700246744 /* KCategoryItem+CoreDataClass.h */; };
		2C62DBF21FA6BA3D00246744 /* KCategoryItem+CoreDataClass.m in Sources */ = {isa = PBXBuildFile; fileRef = 2C62DBAA1FA6B92700246744 /* KCategoryItem+CoreDataClass.m */; };
		2C62DBF31FA6BA3D00246744 /* KCategoryItem+CoreDataProperties.m in Sources */ = {isa = PBXBuildFile; fileRef = 2C62DBAB1FA6B92700246744 /* KCategoryItem+CoreDataProperties.m */; };
		2C62DBF41FA6BA3D00246744 /* KRoom+CoreDataProperties.h in Sources */ = {isa = PBXBuildFile; fileRef = 2C62DBAC1FA6B92700246744 /* KRoom+CoreDataProperties.h */; };
		2C62DBF51FA6BA3D00246744 /* KRoom+CoreDataClass.h in Sources */ = {isa = PBXBuildFile; fileRef = 2C62DBAD1FA6B92700246744 /* KRoom+CoreDataClass.h */; };
		2C62DBF61FA6BA3D00246744 /* KRoom+CoreDataClass.m in Sources */ = {isa = PBXBuildFile; fileRef = 2C62DBAE1FA6B92700246744 /* KRoom+CoreDataClass.m */; };
		2C62DBF71FA6BA3D00246744 /* KRoom+CoreDataProperties.m in Sources */ = {isa = PBXBuildFile; fileRef = 2C62DBAF1FA6B92700246744 /* KRoom+CoreDataProperties.m */; };
		2C62DBF81FA6BA3D00246744 /* KSpeaker+CoreDataProperties.h in Sources */ = {isa = PBXBuildFile; fileRef = 2C62DBB01FA6B92700246744 /* KSpeaker+CoreDataProperties.h */; };
		2C62DBF91FA6BA3D00246744 /* KSpeaker+CoreDataClass.h in Sources */ = {isa = PBXBuildFile; fileRef = 2C62DBB11FA6B92700246744 /* KSpeaker+CoreDataClass.h */; };
		2C62DBFA1FA6BA3D00246744 /* KSpeaker+CoreDataClass.m in Sources */ = {isa = PBXBuildFile; fileRef = 2C62DBB21FA6B92700246744 /* KSpeaker+CoreDataClass.m */; };
		2C62DBFB1FA6BA3D00246744 /* KSpeaker+CoreDataProperties.m in Sources */ = {isa = PBXBuildFile; fileRef = 2C62DBB31FA6B92700246744 /* KSpeaker+CoreDataProperties.m */; };
		2C62DBFC1FA6BA3D00246744 /* KFavorite+CoreDataProperties.h in Sources */ = {isa = PBXBuildFile; fileRef = 2C62DBB41FA6B92700246744 /* KFavorite+CoreDataProperties.h */; };
		2C62DBFD1FA6BA3D00246744 /* KFavorite+CoreDataClass.h in Sources */ = {isa = PBXBuildFile; fileRef = 2C62DBB51FA6B92700246744 /* KFavorite+CoreDataClass.h */; };
		2C62DBFE1FA6BA3D00246744 /* KFavorite+CoreDataClass.m in Sources */ = {isa = PBXBuildFile; fileRef = 2C62DBB61FA6B92700246744 /* KFavorite+CoreDataClass.m */; };
		2C62DBFF1FA6BA3D00246744 /* KFavorite+CoreDataProperties.m in Sources */ = {isa = PBXBuildFile; fileRef = 2C62DBB71FA6B92700246744 /* KFavorite+CoreDataProperties.m */; };
		2C62DC001FA6BA3D00246744 /* KLink+CoreDataProperties.h in Sources */ = {isa = PBXBuildFile; fileRef = 2C62DBB81FA6B92700246744 /* KLink+CoreDataProperties.h */; };
		2C62DC011FA6BA3D00246744 /* KLink+CoreDataClass.h in Sources */ = {isa = PBXBuildFile; fileRef = 2C62DBB91FA6B92700246744 /* KLink+CoreDataClass.h */; };
		2C62DC021FA6BA3D00246744 /* KLink+CoreDataClass.m in Sources */ = {isa = PBXBuildFile; fileRef = 2C62DBBA1FA6B92700246744 /* KLink+CoreDataClass.m */; };
		2C62DC031FA6BA3D00246744 /* KLink+CoreDataProperties.m in Sources */ = {isa = PBXBuildFile; fileRef = 2C62DBBB1FA6B92700246744 /* KLink+CoreDataProperties.m */; };
		2C62DC041FA6BA3D00246744 /* KCategory+CoreDataProperties.h in Sources */ = {isa = PBXBuildFile; fileRef = 2C62DBBC1FA6B92700246744 /* KCategory+CoreDataProperties.h */; };
		2C62DC051FA6BA3D00246744 /* KCategory+CoreDataClass.h in Sources */ = {isa = PBXBuildFile; fileRef = 2C62DBBD1FA6B92700246744 /* KCategory+CoreDataClass.h */; };
		2C62DC061FA6BA3D00246744 /* KCategory+CoreDataClass.m in Sources */ = {isa = PBXBuildFile; fileRef = 2C62DBBE1FA6B92700246744 /* KCategory+CoreDataClass.m */; };
		2C62DC071FA6BA3D00246744 /* KCategory+CoreDataProperties.m in Sources */ = {isa = PBXBuildFile; fileRef = 2C62DBBF1FA6B92700246744 /* KCategory+CoreDataProperties.m */; };
		2C62DC081FA6BA3D00246744 /* KVote+CoreDataProperties.h in Sources */ = {isa = PBXBuildFile; fileRef = 2C62DBC01FA6B92700246744 /* KVote+CoreDataProperties.h */; };
		2C62DC091FA6BA3D00246744 /* KVote+CoreDataClass.h in Sources */ = {isa = PBXBuildFile; fileRef = 2C62DBC11FA6B92700246744 /* KVote+CoreDataClass.h */; };
		2C62DC0A1FA6BA3D00246744 /* KVote+CoreDataClass.m in Sources */ = {isa = PBXBuildFile; fileRef = 2C62DBC21FA6B92700246744 /* KVote+CoreDataClass.m */; };
		2C62DC0B1FA6BA3D00246744 /* KVote+CoreDataProperties.m in Sources */ = {isa = PBXBuildFile; fileRef = 2C62DBC31FA6B92700246744 /* KVote+CoreDataProperties.m */; };
		2CAC582E1F8C351E0036B104 /* Main.storyboard in Resources */ = {isa = PBXBuildFile; fileRef = 2CAC582A1F8C351E0036B104 /* Main.storyboard */; };
		2CAC582F1F8C351E0036B104 /* LaunchScreen.storyboard in Resources */ = {isa = PBXBuildFile; fileRef = 2CAC582C1F8C351E0036B104 /* LaunchScreen.storyboard */; };
		2CAC58321F8C38850036B104 /* konfswift.xcdatamodeld in Sources */ = {isa = PBXBuildFile; fileRef = 2CAC58301F8C38840036B104 /* konfswift.xcdatamodeld */; };
		2CAC58351F8C45DC0036B104 /* BConst.h in Headers */ = {isa = PBXBuildFile; fileRef = 2CAC58331F8C45DC0036B104 /* BConst.h */; settings = {ATTRIBUTES = (Public, ); }; };
		2CAC58361F8C45DC0036B104 /* BConst.m in Sources */ = {isa = PBXBuildFile; fileRef = 2CAC58341F8C45DC0036B104 /* BConst.m */; };
		2CAD33261F85318700418DAD /* kotlin in Resources */ = {isa = PBXBuildFile; fileRef = 2CAD33251F85318700418DAD /* kotlin */; };
		2CB5403E1F56C2C4006EE521 /* main.m in Sources */ = {isa = PBXBuildFile; fileRef = 2CB5403D1F56C2C4006EE521 /* main.m */; };
		2CB540411F56C2C4006EE521 /* AppDelegate.m in Sources */ = {isa = PBXBuildFile; fileRef = 2CB540401F56C2C4006EE521 /* AppDelegate.m */; };
		2CB540441F56C2C4006EE521 /* SessionsViewController.m in Sources */ = {isa = PBXBuildFile; fileRef = 2CB540431F56C2C4006EE521 /* SessionsViewController.m */; };
		2CB540491F56C2C4006EE521 /* Assets.xcassets in Resources */ = {isa = PBXBuildFile; fileRef = 2CB540481F56C2C4006EE521 /* Assets.xcassets */; };
		2CC51DEA1FA4213400F5A2D4 /* Groot.framework in Frameworks */ = {isa = PBXBuildFile; fileRef = 2C53C44B1FA420CD00BFE61D /* Groot.framework */; };
		2CC51DEB1FA4213400F5A2D4 /* Groot.framework in Embed Frameworks */ = {isa = PBXBuildFile; fileRef = 2C53C44B1FA420CD00BFE61D /* Groot.framework */; settings = {ATTRIBUTES = (CodeSignOnCopy, RemoveHeadersOnCopy, ); }; };
		2CC51DEC1FA4213800F5A2D4 /* ILGHttpConstants.framework in Frameworks */ = {isa = PBXBuildFile; fileRef = 2C53C4481FA420CC00BFE61D /* ILGHttpConstants.framework */; };
		2CC51DED1FA4213800F5A2D4 /* ILGHttpConstants.framework in Embed Frameworks */ = {isa = PBXBuildFile; fileRef = 2C53C4481FA420CC00BFE61D /* ILGHttpConstants.framework */; settings = {ATTRIBUTES = (CodeSignOnCopy, RemoveHeadersOnCopy, ); }; };
		2CC51DEE1FA4213800F5A2D4 /* MBProgressHUD.framework in Frameworks */ = {isa = PBXBuildFile; fileRef = 2C53C44A1FA420CC00BFE61D /* MBProgressHUD.framework */; };
		2CC51DEF1FA4213800F5A2D4 /* MBProgressHUD.framework in Embed Frameworks */ = {isa = PBXBuildFile; fileRef = 2C53C44A1FA420CC00BFE61D /* MBProgressHUD.framework */; settings = {ATTRIBUTES = (CodeSignOnCopy, RemoveHeadersOnCopy, ); }; };
		2CC51DF11FA4213800F5A2D4 /* OMGHTTPURLRQ.framework in Embed Frameworks */ = {isa = PBXBuildFile; fileRef = 2C53C4491FA420CC00BFE61D /* OMGHTTPURLRQ.framework */; settings = {ATTRIBUTES = (CodeSignOnCopy, RemoveHeadersOnCopy, ); }; };
		2CC51DF21FA4213800F5A2D4 /* SDWebImage.framework in Frameworks */ = {isa = PBXBuildFile; fileRef = 2C53C4471FA420CC00BFE61D /* SDWebImage.framework */; };
		2CC51DF31FA4213800F5A2D4 /* SDWebImage.framework in Embed Frameworks */ = {isa = PBXBuildFile; fileRef = 2C53C4471FA420CC00BFE61D /* SDWebImage.framework */; settings = {ATTRIBUTES = (CodeSignOnCopy, RemoveHeadersOnCopy, ); }; };
/* End PBXBuildFile section */

/* Begin PBXContainerItemProxy section */
		2C2FD8301F87ED9A003AD07B /* PBXContainerItemProxy */ = {
			isa = PBXContainerItemProxy;
			containerPortal = 2CB540311F56C2C4006EE521 /* Project object */;
			proxyType = 1;
			remoteGlobalIDString = 2C2FD82A1F87ED9A003AD07B;
			remoteInfo = helperlib;
		};
/* End PBXContainerItemProxy section */

/* Begin PBXCopyFilesBuildPhase section */
		2C2FD8331F87ED9A003AD07B /* Embed Frameworks */ = {
			isa = PBXCopyFilesBuildPhase;
			buildActionMask = 2147483647;
			dstPath = "";
			dstSubfolderSpec = 10;
			files = (
				2CC51DEF1FA4213800F5A2D4 /* MBProgressHUD.framework in Embed Frameworks */,
				2CC51DED1FA4213800F5A2D4 /* ILGHttpConstants.framework in Embed Frameworks */,
				2CC51DF11FA4213800F5A2D4 /* OMGHTTPURLRQ.framework in Embed Frameworks */,
				2CC51DEB1FA4213400F5A2D4 /* Groot.framework in Embed Frameworks */,
				2CC51DF31FA4213800F5A2D4 /* SDWebImage.framework in Embed Frameworks */,
				2C2FD8341F87ED9A003AD07B /* helperlib.framework in Embed Frameworks */,
			);
			name = "Embed Frameworks";
			runOnlyForDeploymentPostprocessing = 0;
		};
/* End PBXCopyFilesBuildPhase section */

/* Begin PBXFileReference section */
		2C2FD82B1F87ED9A003AD07B /* helperlib.framework */ = {isa = PBXFileReference; explicitFileType = wrapper.framework; includeInIndex = 0; path = helperlib.framework; sourceTree = BUILT_PRODUCTS_DIR; };
		2C2FD82D1F87ED9A003AD07B /* helperlib.h */ = {isa = PBXFileReference; lastKnownFileType = sourcecode.c.h; path = helperlib.h; sourceTree = "<group>"; };
		2C2FD82E1F87ED9A003AD07B /* Info.plist */ = {isa = PBXFileReference; lastKnownFileType = text.plist.xml; path = Info.plist; sourceTree = "<group>"; };
		2C53C4471FA420CC00BFE61D /* SDWebImage.framework */ = {isa = PBXFileReference; lastKnownFileType = wrapper.framework; name = SDWebImage.framework; path = Frameworks/SDWebImage.framework; sourceTree = "<group>"; };
		2C53C4481FA420CC00BFE61D /* ILGHttpConstants.framework */ = {isa = PBXFileReference; lastKnownFileType = wrapper.framework; name = ILGHttpConstants.framework; path = Frameworks/ILGHttpConstants.framework; sourceTree = "<group>"; };
		2C53C4491FA420CC00BFE61D /* OMGHTTPURLRQ.framework */ = {isa = PBXFileReference; lastKnownFileType = wrapper.framework; name = OMGHTTPURLRQ.framework; path = Frameworks/OMGHTTPURLRQ.framework; sourceTree = "<group>"; };
		2C53C44A1FA420CC00BFE61D /* MBProgressHUD.framework */ = {isa = PBXFileReference; lastKnownFileType = wrapper.framework; name = MBProgressHUD.framework; path = Frameworks/MBProgressHUD.framework; sourceTree = "<group>"; };
		2C53C44B1FA420CD00BFE61D /* Groot.framework */ = {isa = PBXFileReference; lastKnownFileType = wrapper.framework; name = Groot.framework; path = Frameworks/Groot.framework; sourceTree = "<group>"; };
		2C62DBA01FA6B92700246744 /* KAll+CoreDataProperties.h */ = {isa = PBXFileReference; lastKnownFileType = sourcecode.c.h; path = "KAll+CoreDataProperties.h"; sourceTree = "<group>"; };
		2C62DBA11FA6B92700246744 /* KAll+CoreDataClass.h */ = {isa = PBXFileReference; lastKnownFileType = sourcecode.c.h; path = "KAll+CoreDataClass.h"; sourceTree = "<group>"; };
		2C62DBA21FA6B92700246744 /* KAll+CoreDataClass.m */ = {isa = PBXFileReference; lastKnownFileType = sourcecode.c.objc; path = "KAll+CoreDataClass.m"; sourceTree = "<group>"; };
		2C62DBA31FA6B92700246744 /* KAll+CoreDataProperties.m */ = {isa = PBXFileReference; lastKnownFileType = sourcecode.c.objc; path = "KAll+CoreDataProperties.m"; sourceTree = "<group>"; };
		2C62DBA41FA6B92700246744 /* KSession+CoreDataProperties.h */ = {isa = PBXFileReference; lastKnownFileType = sourcecode.c.h; path = "KSession+CoreDataProperties.h"; sourceTree = "<group>"; };
		2C62DBA51FA6B92700246744 /* KSession+CoreDataClass.h */ = {isa = PBXFileReference; lastKnownFileType = sourcecode.c.h; path = "KSession+CoreDataClass.h"; sourceTree = "<group>"; };
		2C62DBA61FA6B92700246744 /* KSession+CoreDataClass.m */ = {isa = PBXFileReference; lastKnownFileType = sourcecode.c.objc; path = "KSession+CoreDataClass.m"; sourceTree = "<group>"; };
		2C62DBA71FA6B92700246744 /* KSession+CoreDataProperties.m */ = {isa = PBXFileReference; lastKnownFileType = sourcecode.c.objc; path = "KSession+CoreDataProperties.m"; sourceTree = "<group>"; };
		2C62DBA81FA6B92700246744 /* KCategoryItem+CoreDataProperties.h */ = {isa = PBXFileReference; lastKnownFileType = sourcecode.c.h; path = "KCategoryItem+CoreDataProperties.h"; sourceTree = "<group>"; };
		2C62DBA91FA6B92700246744 /* KCategoryItem+CoreDataClass.h */ = {isa = PBXFileReference; lastKnownFileType = sourcecode.c.h; path = "KCategoryItem+CoreDataClass.h"; sourceTree = "<group>"; };
		2C62DBAA1FA6B92700246744 /* KCategoryItem+CoreDataClass.m */ = {isa = PBXFileReference; lastKnownFileType = sourcecode.c.objc; path = "KCategoryItem+CoreDataClass.m"; sourceTree = "<group>"; };
		2C62DBAB1FA6B92700246744 /* KCategoryItem+CoreDataProperties.m */ = {isa = PBXFileReference; lastKnownFileType = sourcecode.c.objc; path = "KCategoryItem+CoreDataProperties.m"; sourceTree = "<group>"; };
		2C62DBAC1FA6B92700246744 /* KRoom+CoreDataProperties.h */ = {isa = PBXFileReference; lastKnownFileType = sourcecode.c.h; path = "KRoom+CoreDataProperties.h"; sourceTree = "<group>"; };
		2C62DBAD1FA6B92700246744 /* KRoom+CoreDataClass.h */ = {isa = PBXFileReference; lastKnownFileType = sourcecode.c.h; path = "KRoom+CoreDataClass.h"; sourceTree = "<group>"; };
		2C62DBAE1FA6B92700246744 /* KRoom+CoreDataClass.m */ = {isa = PBXFileReference; lastKnownFileType = sourcecode.c.objc; path = "KRoom+CoreDataClass.m"; sourceTree = "<group>"; };
		2C62DBAF1FA6B92700246744 /* KRoom+CoreDataProperties.m */ = {isa = PBXFileReference; lastKnownFileType = sourcecode.c.objc; path = "KRoom+CoreDataProperties.m"; sourceTree = "<group>"; };
		2C62DBB01FA6B92700246744 /* KSpeaker+CoreDataProperties.h */ = {isa = PBXFileReference; lastKnownFileType = sourcecode.c.h; path = "KSpeaker+CoreDataProperties.h"; sourceTree = "<group>"; };
		2C62DBB11FA6B92700246744 /* KSpeaker+CoreDataClass.h */ = {isa = PBXFileReference; lastKnownFileType = sourcecode.c.h; path = "KSpeaker+CoreDataClass.h"; sourceTree = "<group>"; };
		2C62DBB21FA6B92700246744 /* KSpeaker+CoreDataClass.m */ = {isa = PBXFileReference; lastKnownFileType = sourcecode.c.objc; path = "KSpeaker+CoreDataClass.m"; sourceTree = "<group>"; };
		2C62DBB31FA6B92700246744 /* KSpeaker+CoreDataProperties.m */ = {isa = PBXFileReference; lastKnownFileType = sourcecode.c.objc; path = "KSpeaker+CoreDataProperties.m"; sourceTree = "<group>"; };
		2C62DBB41FA6B92700246744 /* KFavorite+CoreDataProperties.h */ = {isa = PBXFileReference; lastKnownFileType = sourcecode.c.h; path = "KFavorite+CoreDataProperties.h"; sourceTree = "<group>"; };
		2C62DBB51FA6B92700246744 /* KFavorite+CoreDataClass.h */ = {isa = PBXFileReference; lastKnownFileType = sourcecode.c.h; path = "KFavorite+CoreDataClass.h"; sourceTree = "<group>"; };
		2C62DBB61FA6B92700246744 /* KFavorite+CoreDataClass.m */ = {isa = PBXFileReference; lastKnownFileType = sourcecode.c.objc; path = "KFavorite+CoreDataClass.m"; sourceTree = "<group>"; };
		2C62DBB71FA6B92700246744 /* KFavorite+CoreDataProperties.m */ = {isa = PBXFileReference; lastKnownFileType = sourcecode.c.objc; path = "KFavorite+CoreDataProperties.m"; sourceTree = "<group>"; };
		2C62DBB81FA6B92700246744 /* KLink+CoreDataProperties.h */ = {isa = PBXFileReference; lastKnownFileType = sourcecode.c.h; path = "KLink+CoreDataProperties.h"; sourceTree = "<group>"; };
		2C62DBB91FA6B92700246744 /* KLink+CoreDataClass.h */ = {isa = PBXFileReference; lastKnownFileType = sourcecode.c.h; path = "KLink+CoreDataClass.h"; sourceTree = "<group>"; };
		2C62DBBA1FA6B92700246744 /* KLink+CoreDataClass.m */ = {isa = PBXFileReference; lastKnownFileType = sourcecode.c.objc; path = "KLink+CoreDataClass.m"; sourceTree = "<group>"; };
		2C62DBBB1FA6B92700246744 /* KLink+CoreDataProperties.m */ = {isa = PBXFileReference; lastKnownFileType = sourcecode.c.objc; path = "KLink+CoreDataProperties.m"; sourceTree = "<group>"; };
		2C62DBBC1FA6B92700246744 /* KCategory+CoreDataProperties.h */ = {isa = PBXFileReference; lastKnownFileType = sourcecode.c.h; path = "KCategory+CoreDataProperties.h"; sourceTree = "<group>"; };
		2C62DBBD1FA6B92700246744 /* KCategory+CoreDataClass.h */ = {isa = PBXFileReference; lastKnownFileType = sourcecode.c.h; path = "KCategory+CoreDataClass.h"; sourceTree = "<group>"; };
		2C62DBBE1FA6B92700246744 /* KCategory+CoreDataClass.m */ = {isa = PBXFileReference; lastKnownFileType = sourcecode.c.objc; path = "KCategory+CoreDataClass.m"; sourceTree = "<group>"; };
		2C62DBBF1FA6B92700246744 /* KCategory+CoreDataProperties.m */ = {isa = PBXFileReference; lastKnownFileType = sourcecode.c.objc; path = "KCategory+CoreDataProperties.m"; sourceTree = "<group>"; };
		2C62DBC01FA6B92700246744 /* KVote+CoreDataProperties.h */ = {isa = PBXFileReference; lastKnownFileType = sourcecode.c.h; path = "KVote+CoreDataProperties.h"; sourceTree = "<group>"; };
		2C62DBC11FA6B92700246744 /* KVote+CoreDataClass.h */ = {isa = PBXFileReference; lastKnownFileType = sourcecode.c.h; path = "KVote+CoreDataClass.h"; sourceTree = "<group>"; };
		2C62DBC21FA6B92700246744 /* KVote+CoreDataClass.m */ = {isa = PBXFileReference; lastKnownFileType = sourcecode.c.objc; path = "KVote+CoreDataClass.m"; sourceTree = "<group>"; };
		2C62DBC31FA6B92700246744 /* KVote+CoreDataProperties.m */ = {isa = PBXFileReference; lastKnownFileType = sourcecode.c.objc; path = "KVote+CoreDataProperties.m"; sourceTree = "<group>"; };
		2CAC582B1F8C351E0036B104 /* Base */ = {isa = PBXFileReference; lastKnownFileType = file.storyboard; name = Base; path = Base.lproj/Main.storyboard; sourceTree = "<group>"; };
		2CAC582D1F8C351E0036B104 /* Base */ = {isa = PBXFileReference; lastKnownFileType = file.storyboard; name = Base; path = Base.lproj/LaunchScreen.storyboard; sourceTree = "<group>"; };
		2CAC58311F8C38840036B104 /* konfswift.xcdatamodel */ = {isa = PBXFileReference; lastKnownFileType = wrapper.xcdatamodel; path = konfswift.xcdatamodel; sourceTree = "<group>"; };
		2CAC58331F8C45DC0036B104 /* BConst.h */ = {isa = PBXFileReference; lastKnownFileType = sourcecode.c.h; path = BConst.h; sourceTree = "<group>"; };
		2CAC58341F8C45DC0036B104 /* BConst.m */ = {isa = PBXFileReference; lastKnownFileType = sourcecode.c.objc; path = BConst.m; sourceTree = "<group>"; };
		2CAD33251F85318700418DAD /* kotlin */ = {isa = PBXFileReference; lastKnownFileType = folder; name = kotlin; path = src/main/kotlin; sourceTree = "<group>"; };
		2CB540391F56C2C4006EE521 /* konan.app */ = {isa = PBXFileReference; explicitFileType = wrapper.application; includeInIndex = 0; path = konan.app; sourceTree = BUILT_PRODUCTS_DIR; };
		2CB5403D1F56C2C4006EE521 /* main.m */ = {isa = PBXFileReference; lastKnownFileType = sourcecode.c.objc; path = main.m; sourceTree = "<group>"; };
		2CB5403F1F56C2C4006EE521 /* AppDelegate.h */ = {isa = PBXFileReference; lastKnownFileType = sourcecode.c.h; path = AppDelegate.h; sourceTree = "<group>"; };
		2CB540401F56C2C4006EE521 /* AppDelegate.m */ = {isa = PBXFileReference; lastKnownFileType = sourcecode.c.objc; path = AppDelegate.m; sourceTree = "<group>"; };
		2CB540421F56C2C4006EE521 /* SessionsViewController.h */ = {isa = PBXFileReference; lastKnownFileType = sourcecode.c.h; path = SessionsViewController.h; sourceTree = "<group>"; };
		2CB540431F56C2C4006EE521 /* SessionsViewController.m */ = {isa = PBXFileReference; lastKnownFileType = sourcecode.c.objc; path = SessionsViewController.m; sourceTree = "<group>"; };
		2CB540481F56C2C4006EE521 /* Assets.xcassets */ = {isa = PBXFileReference; lastKnownFileType = folder.assetcatalog; path = Assets.xcassets; sourceTree = "<group>"; };
		2CB5404D1F56C2C4006EE521 /* Info.plist */ = {isa = PBXFileReference; lastKnownFileType = text.plist.xml; path = Info.plist; sourceTree = "<group>"; };
/* End PBXFileReference section */

/* Begin PBXFrameworksBuildPhase section */
		2C2FD8271F87ED9A003AD07B /* Frameworks */ = {
			isa = PBXFrameworksBuildPhase;
			buildActionMask = 2147483647;
			files = (
			);
			runOnlyForDeploymentPostprocessing = 0;
		};
		2CB540361F56C2C4006EE521 /* Frameworks */ = {
			isa = PBXFrameworksBuildPhase;
			buildActionMask = 2147483647;
			files = (
				2CC51DEE1FA4213800F5A2D4 /* MBProgressHUD.framework in Frameworks */,
				2C53C44E1FA420CD00BFE61D /* OMGHTTPURLRQ.framework in Frameworks */,
				2C2FD8321F87ED9A003AD07B /* helperlib.framework in Frameworks */,
				2CC51DF21FA4213800F5A2D4 /* SDWebImage.framework in Frameworks */,
				2CC51DEA1FA4213400F5A2D4 /* Groot.framework in Frameworks */,
				2CC51DEC1FA4213800F5A2D4 /* ILGHttpConstants.framework in Frameworks */,
			);
			runOnlyForDeploymentPostprocessing = 0;
		};
/* End PBXFrameworksBuildPhase section */

/* Begin PBXGroup section */
		2C2FD82C1F87ED9A003AD07B /* helperlib */ = {
			isa = PBXGroup;
			children = (
				2C62DBA01FA6B92700246744 /* KAll+CoreDataProperties.h */,
				2C62DBA11FA6B92700246744 /* KAll+CoreDataClass.h */,
				2C62DBA21FA6B92700246744 /* KAll+CoreDataClass.m */,
				2C62DBA31FA6B92700246744 /* KAll+CoreDataProperties.m */,
				2C62DBA41FA6B92700246744 /* KSession+CoreDataProperties.h */,
				2C62DBA51FA6B92700246744 /* KSession+CoreDataClass.h */,
				2C62DBA61FA6B92700246744 /* KSession+CoreDataClass.m */,
				2C62DBA71FA6B92700246744 /* KSession+CoreDataProperties.m */,
				2C62DBA81FA6B92700246744 /* KCategoryItem+CoreDataProperties.h */,
				2C62DBA91FA6B92700246744 /* KCategoryItem+CoreDataClass.h */,
				2C62DBAA1FA6B92700246744 /* KCategoryItem+CoreDataClass.m */,
				2C62DBAB1FA6B92700246744 /* KCategoryItem+CoreDataProperties.m */,
				2C62DBAC1FA6B92700246744 /* KRoom+CoreDataProperties.h */,
				2C62DBAD1FA6B92700246744 /* KRoom+CoreDataClass.h */,
				2C62DBAE1FA6B92700246744 /* KRoom+CoreDataClass.m */,
				2C62DBAF1FA6B92700246744 /* KRoom+CoreDataProperties.m */,
				2C62DBB01FA6B92700246744 /* KSpeaker+CoreDataProperties.h */,
				2C62DBB11FA6B92700246744 /* KSpeaker+CoreDataClass.h */,
				2C62DBB21FA6B92700246744 /* KSpeaker+CoreDataClass.m */,
				2C62DBB31FA6B92700246744 /* KSpeaker+CoreDataProperties.m */,
				2C62DBB41FA6B92700246744 /* KFavorite+CoreDataProperties.h */,
				2C62DBB51FA6B92700246744 /* KFavorite+CoreDataClass.h */,
				2C62DBB61FA6B92700246744 /* KFavorite+CoreDataClass.m */,
				2C62DBB71FA6B92700246744 /* KFavorite+CoreDataProperties.m */,
				2C62DBB81FA6B92700246744 /* KLink+CoreDataProperties.h */,
				2C62DBB91FA6B92700246744 /* KLink+CoreDataClass.h */,
				2C62DBBA1FA6B92700246744 /* KLink+CoreDataClass.m */,
				2C62DBBB1FA6B92700246744 /* KLink+CoreDataProperties.m */,
				2C62DBBC1FA6B92700246744 /* KCategory+CoreDataProperties.h */,
				2C62DBBD1FA6B92700246744 /* KCategory+CoreDataClass.h */,
				2C62DBBE1FA6B92700246744 /* KCategory+CoreDataClass.m */,
				2C62DBBF1FA6B92700246744 /* KCategory+CoreDataProperties.m */,
				2C62DBC01FA6B92700246744 /* KVote+CoreDataProperties.h */,
				2C62DBC11FA6B92700246744 /* KVote+CoreDataClass.h */,
				2C62DBC21FA6B92700246744 /* KVote+CoreDataClass.m */,
				2C62DBC31FA6B92700246744 /* KVote+CoreDataProperties.m */,
				2C2FD82D1F87ED9A003AD07B /* helperlib.h */,
				2C2FD82E1F87ED9A003AD07B /* Info.plist */,
				2CAC58331F8C45DC0036B104 /* BConst.h */,
				2CAC58341F8C45DC0036B104 /* BConst.m */,
			);
			path = helperlib;
			sourceTree = "<group>";
		};
		2C5C63391FA20D25009C8514 /* stubs */ = {
			isa = PBXGroup;
			children = (
				2CB5403F1F56C2C4006EE521 /* AppDelegate.h */,
				2CB540401F56C2C4006EE521 /* AppDelegate.m */,
				2CB540421F56C2C4006EE521 /* SessionsViewController.h */,
				2CB540431F56C2C4006EE521 /* SessionsViewController.m */,
			);
			name = stubs;
			sourceTree = "<group>";
		};
		2CB540301F56C2C4006EE521 = {
			isa = PBXGroup;
			children = (
				2C53C44B1FA420CD00BFE61D /* Groot.framework */,
				2C53C4481FA420CC00BFE61D /* ILGHttpConstants.framework */,
				2C53C44A1FA420CC00BFE61D /* MBProgressHUD.framework */,
				2C53C4491FA420CC00BFE61D /* OMGHTTPURLRQ.framework */,
				2C53C4471FA420CC00BFE61D /* SDWebImage.framework */,
				2CAD33251F85318700418DAD /* kotlin */,
				2CB5403B1F56C2C4006EE521 /* konan */,
				2C2FD82C1F87ED9A003AD07B /* helperlib */,
				2CB5403A1F56C2C4006EE521 /* Products */,
			);
			sourceTree = "<group>";
		};
		2CB5403A1F56C2C4006EE521 /* Products */ = {
			isa = PBXGroup;
			children = (
				2CB540391F56C2C4006EE521 /* konan.app */,
				2C2FD82B1F87ED9A003AD07B /* helperlib.framework */,
			);
			name = Products;
			sourceTree = "<group>";
		};
		2CB5403B1F56C2C4006EE521 /* konan */ = {
			isa = PBXGroup;
			children = (
				2CAC58301F8C38840036B104 /* konfswift.xcdatamodeld */,
				2CAC582C1F8C351E0036B104 /* LaunchScreen.storyboard */,
				2CAC582A1F8C351E0036B104 /* Main.storyboard */,
				2C5C63391FA20D25009C8514 /* stubs */,
				2CB540481F56C2C4006EE521 /* Assets.xcassets */,
				2CB5404D1F56C2C4006EE521 /* Info.plist */,
				2CB5403C1F56C2C4006EE521 /* Supporting Files */,
			);
			path = konan;
			sourceTree = "<group>";
		};
		2CB5403C1F56C2C4006EE521 /* Supporting Files */ = {
			isa = PBXGroup;
			children = (
				2CB5403D1F56C2C4006EE521 /* main.m */,
			);
			name = "Supporting Files";
			sourceTree = "<group>";
		};
/* End PBXGroup section */

/* Begin PBXHeadersBuildPhase section */
		2C2FD8281F87ED9A003AD07B /* Headers */ = {
			isa = PBXHeadersBuildPhase;
			buildActionMask = 2147483647;
			files = (
				2C62DBC41FA6B92700246744 /* KAll+CoreDataProperties.h in Headers */,
				2C62DBC91FA6B92700246744 /* KSession+CoreDataClass.h in Headers */,
				2C62DBD01FA6B92700246744 /* KRoom+CoreDataProperties.h in Headers */,
				2C62DBC81FA6B92700246744 /* KSession+CoreDataProperties.h in Headers */,
				2C62DBE51FA6B92700246744 /* KVote+CoreDataClass.h in Headers */,
				2C62DBE01FA6B92700246744 /* KCategory+CoreDataProperties.h in Headers */,
				2C62DBD51FA6B92700246744 /* KSpeaker+CoreDataClass.h in Headers */,
				2C2FD82F1F87ED9A003AD07B /* helperlib.h in Headers */,
				2C62DBD91FA6B92700246744 /* KFavorite+CoreDataClass.h in Headers */,
				2C62DBE11FA6B92700246744 /* KCategory+CoreDataClass.h in Headers */,
				2C62DBDC1FA6B92700246744 /* KLink+CoreDataProperties.h in Headers */,
				2C62DBDD1FA6B92700246744 /* KLink+CoreDataClass.h in Headers */,
				2C62DBD41FA6B92700246744 /* KSpeaker+CoreDataProperties.h in Headers */,
				2C62DBCC1FA6B92700246744 /* KCategoryItem+CoreDataProperties.h in Headers */,
				2C62DBC51FA6B92700246744 /* KAll+CoreDataClass.h in Headers */,
				2C62DBD11FA6B92700246744 /* KRoom+CoreDataClass.h in Headers */,
				2C62DBE41FA6B92700246744 /* KVote+CoreDataProperties.h in Headers */,
				2CAC58351F8C45DC0036B104 /* BConst.h in Headers */,
				2C62DBCD1FA6B92700246744 /* KCategoryItem+CoreDataClass.h in Headers */,
				2C62DBD81FA6B92700246744 /* KFavorite+CoreDataProperties.h in Headers */,
			);
			runOnlyForDeploymentPostprocessing = 0;
		};
/* End PBXHeadersBuildPhase section */

/* Begin PBXNativeTarget section */
		2C2FD82A1F87ED9A003AD07B /* helperlib */ = {
			isa = PBXNativeTarget;
			buildConfigurationList = 2C2FD8371F87ED9A003AD07B /* Build configuration list for PBXNativeTarget "helperlib" */;
			buildPhases = (
				2C2FD8261F87ED9A003AD07B /* Sources */,
				2C2FD8271F87ED9A003AD07B /* Frameworks */,
				2C2FD8281F87ED9A003AD07B /* Headers */,
				2C2FD8291F87ED9A003AD07B /* Resources */,
			);
			buildRules = (
			);
			dependencies = (
			);
			name = helperlib;
			productName = helperlib;
			productReference = 2C2FD82B1F87ED9A003AD07B /* helperlib.framework */;
			productType = "com.apple.product-type.framework";
		};
		2CB540381F56C2C4006EE521 /* konan */ = {
			isa = PBXNativeTarget;
			buildConfigurationList = 2CB540501F56C2C4006EE521 /* Build configuration list for PBXNativeTarget "konan" */;
			buildPhases = (
				2C901F9C1F5D7074004412FA /* Remove Original Binary */,
				2CB540351F56C2C4006EE521 /* Sources */,
				2CB540361F56C2C4006EE521 /* Frameworks */,
				2C901F991F59928A004412FA /* Build Binary From Kotlin Sources */,
				2C901F911F597BFC004412FA /* Replace Binary */,
				2CB540371F56C2C4006EE521 /* Resources */,
				2C2FD8331F87ED9A003AD07B /* Embed Frameworks */,
			);
			buildRules = (
			);
			dependencies = (
				2C2FD8311F87ED9A003AD07B /* PBXTargetDependency */,
			);
			name = konan;
			productName = konan;
			productReference = 2CB540391F56C2C4006EE521 /* konan.app */;
			productType = "com.apple.product-type.application";
		};
/* End PBXNativeTarget section */

/* Begin PBXProject section */
		2CB540311F56C2C4006EE521 /* Project object */ = {
			isa = PBXProject;
			attributes = {
				LastUpgradeCheck = 0830;
				ORGANIZATIONNAME = JetBrains;
				TargetAttributes = {
					2C2FD82A1F87ED9A003AD07B = {
						CreatedOnToolsVersion = 9.0;
						DevelopmentTeam = PYJ26U4KNX;
						LastSwiftMigration = 0900;
						ProvisioningStyle = Automatic;
					};
					2CB540381F56C2C4006EE521 = {
						CreatedOnToolsVersion = 8.3.3;
						DevelopmentTeam = 2ZEFAR8TH3;
						ProvisioningStyle = Automatic;
					};
				};
			};
			buildConfigurationList = 2CB540341F56C2C4006EE521 /* Build configuration list for PBXProject "konan" */;
			compatibilityVersion = "Xcode 3.2";
			developmentRegion = English;
			hasScannedForEncodings = 0;
			knownRegions = (
				en,
				Base,
			);
			mainGroup = 2CB540301F56C2C4006EE521;
			productRefGroup = 2CB5403A1F56C2C4006EE521 /* Products */;
			projectDirPath = "";
			projectRoot = "";
			targets = (
				2CB540381F56C2C4006EE521 /* konan */,
				2C2FD82A1F87ED9A003AD07B /* helperlib */,
			);
		};
/* End PBXProject section */

/* Begin PBXResourcesBuildPhase section */
		2C2FD8291F87ED9A003AD07B /* Resources */ = {
			isa = PBXResourcesBuildPhase;
			buildActionMask = 2147483647;
			files = (
			);
			runOnlyForDeploymentPostprocessing = 0;
		};
		2CB540371F56C2C4006EE521 /* Resources */ = {
			isa = PBXResourcesBuildPhase;
			buildActionMask = 2147483647;
			files = (
				2CAC582E1F8C351E0036B104 /* Main.storyboard in Resources */,
				2CAC582F1F8C351E0036B104 /* LaunchScreen.storyboard in Resources */,
				2CB540491F56C2C4006EE521 /* Assets.xcassets in Resources */,
				2CAD33261F85318700418DAD /* kotlin in Resources */,
			);
			runOnlyForDeploymentPostprocessing = 0;
		};
/* End PBXResourcesBuildPhase section */

/* Begin PBXShellScriptBuildPhase section */
		2C901F911F597BFC004412FA /* Replace Binary */ = {
			isa = PBXShellScriptBuildPhase;
			buildActionMask = 2147483647;
			files = (
			);
			inputPaths = (
			);
			name = "Replace Binary";
			outputPaths = (
			);
			runOnlyForDeploymentPostprocessing = 0;
			shellPath = /bin/sh;
			shellScript = "cp \"$SRCROOT/build/konan/bin/iphone/app.kexe\" \"$TARGET_BUILD_DIR/$EXECUTABLE_PATH\"";
		};
		2C901F991F59928A004412FA /* Build Binary From Kotlin Sources */ = {
			isa = PBXShellScriptBuildPhase;
			buildActionMask = 2147483647;
			files = (
			);
			inputPaths = (
			);
			name = "Build Binary From Kotlin Sources";
			outputPaths = (
			);
			runOnlyForDeploymentPostprocessing = 0;
			shellPath = /bin/sh;
			shellScript = "./gradlew -p $SRCROOT compileKonanApp";
		};
		2C901F9C1F5D7074004412FA /* Remove Original Binary */ = {
			isa = PBXShellScriptBuildPhase;
			buildActionMask = 2147483647;
			files = (
			);
			inputPaths = (
			);
			name = "Remove Original Binary";
			outputPaths = (
			);
			runOnlyForDeploymentPostprocessing = 0;
			shellPath = /bin/sh;
			shellScript = "rm -f \"$TARGET_BUILD_DIR/$EXECUTABLE_PATH\"";
		};
/* End PBXShellScriptBuildPhase section */

/* Begin PBXSourcesBuildPhase section */
		2C2FD8261F87ED9A003AD07B /* Sources */ = {
			isa = PBXSourcesBuildPhase;
			buildActionMask = 2147483647;
			files = (
				2C62DBE81FA6BA3D00246744 /* KAll+CoreDataProperties.h in Sources */,
				2C62DBE91FA6BA3D00246744 /* KAll+CoreDataClass.h in Sources */,
				2C62DBEA1FA6BA3D00246744 /* KAll+CoreDataClass.m in Sources */,
				2C62DBEB1FA6BA3D00246744 /* KAll+CoreDataProperties.m in Sources */,
				2C62DBEC1FA6BA3D00246744 /* KSession+CoreDataProperties.h in Sources */,
				2C62DBED1FA6BA3D00246744 /* KSession+CoreDataClass.h in Sources */,
				2C62DBEE1FA6BA3D00246744 /* KSession+CoreDataClass.m in Sources */,
				2C62DBEF1FA6BA3D00246744 /* KSession+CoreDataProperties.m in Sources */,
				2C62DBF01FA6BA3D00246744 /* KCategoryItem+CoreDataProperties.h in Sources */,
				2C62DBF11FA6BA3D00246744 /* KCategoryItem+CoreDataClass.h in Sources */,
				2C62DBF21FA6BA3D00246744 /* KCategoryItem+CoreDataClass.m in Sources */,
				2C62DBF31FA6BA3D00246744 /* KCategoryItem+CoreDataProperties.m in Sources */,
				2C62DBF41FA6BA3D00246744 /* KRoom+CoreDataProperties.h in Sources */,
				2C62DBF51FA6BA3D00246744 /* KRoom+CoreDataClass.h in Sources */,
				2C62DBF61FA6BA3D00246744 /* KRoom+CoreDataClass.m in Sources */,
				2C62DBF71FA6BA3D00246744 /* KRoom+CoreDataProperties.m in Sources */,
				2C62DBF81FA6BA3D00246744 /* KSpeaker+CoreDataProperties.h in Sources */,
				2C62DBF91FA6BA3D00246744 /* KSpeaker+CoreDataClass.h in Sources */,
				2C62DBFA1FA6BA3D00246744 /* KSpeaker+CoreDataClass.m in Sources */,
				2C62DBFB1FA6BA3D00246744 /* KSpeaker+CoreDataProperties.m in Sources */,
				2C62DBFC1FA6BA3D00246744 /* KFavorite+CoreDataProperties.h in Sources */,
				2C62DBFD1FA6BA3D00246744 /* KFavorite+CoreDataClass.h in Sources */,
				2C62DBFE1FA6BA3D00246744 /* KFavorite+CoreDataClass.m in Sources */,
				2C62DBFF1FA6BA3D00246744 /* KFavorite+CoreDataProperties.m in Sources */,
				2C62DC001FA6BA3D00246744 /* KLink+CoreDataProperties.h in Sources */,
				2C62DC011FA6BA3D00246744 /* KLink+CoreDataClass.h in Sources */,
				2C62DC021FA6BA3D00246744 /* KLink+CoreDataClass.m in Sources */,
				2C62DC031FA6BA3D00246744 /* KLink+CoreDataProperties.m in Sources */,
				2C62DC041FA6BA3D00246744 /* KCategory+CoreDataProperties.h in Sources */,
				2C62DC051FA6BA3D00246744 /* KCategory+CoreDataClass.h in Sources */,
				2C62DC061FA6BA3D00246744 /* KCategory+CoreDataClass.m in Sources */,
				2C62DC071FA6BA3D00246744 /* KCategory+CoreDataProperties.m in Sources */,
				2C62DC081FA6BA3D00246744 /* KVote+CoreDataProperties.h in Sources */,
				2C62DC091FA6BA3D00246744 /* KVote+CoreDataClass.h in Sources */,
				2C62DC0A1FA6BA3D00246744 /* KVote+CoreDataClass.m in Sources */,
				2C62DC0B1FA6BA3D00246744 /* KVote+CoreDataProperties.m in Sources */,
				2CAC58361F8C45DC0036B104 /* BConst.m in Sources */,
			);
			runOnlyForDeploymentPostprocessing = 0;
		};
		2CB540351F56C2C4006EE521 /* Sources */ = {
			isa = PBXSourcesBuildPhase;
			buildActionMask = 2147483647;
			files = (
				2CB540441F56C2C4006EE521 /* SessionsViewController.m in Sources */,
				2CAC58321F8C38850036B104 /* konfswift.xcdatamodeld in Sources */,
				2CB540411F56C2C4006EE521 /* AppDelegate.m in Sources */,
				2CB5403E1F56C2C4006EE521 /* main.m in Sources */,
			);
			runOnlyForDeploymentPostprocessing = 0;
		};
/* End PBXSourcesBuildPhase section */

/* Begin PBXTargetDependency section */
		2C2FD8311F87ED9A003AD07B /* PBXTargetDependency */ = {
			isa = PBXTargetDependency;
			target = 2C2FD82A1F87ED9A003AD07B /* helperlib */;
			targetProxy = 2C2FD8301F87ED9A003AD07B /* PBXContainerItemProxy */;
		};
/* End PBXTargetDependency section */

/* Begin PBXVariantGroup section */
		2CAC582A1F8C351E0036B104 /* Main.storyboard */ = {
			isa = PBXVariantGroup;
			children = (
				2CAC582B1F8C351E0036B104 /* Base */,
			);
			name = Main.storyboard;
			sourceTree = "<group>";
		};
		2CAC582C1F8C351E0036B104 /* LaunchScreen.storyboard */ = {
			isa = PBXVariantGroup;
			children = (
				2CAC582D1F8C351E0036B104 /* Base */,
			);
			name = LaunchScreen.storyboard;
			sourceTree = "<group>";
		};
/* End PBXVariantGroup section */

/* Begin XCBuildConfiguration section */
		2C2FD8351F87ED9A003AD07B /* Debug */ = {
			isa = XCBuildConfiguration;
			buildSettings = {
				CLANG_CXX_LANGUAGE_STANDARD = "gnu++14";
				CLANG_ENABLE_MODULES = YES;
				CLANG_WARN_BLOCK_CAPTURE_AUTORELEASING = YES;
				CLANG_WARN_COMMA = YES;
				CLANG_WARN_NON_LITERAL_NULL_CONVERSION = YES;
				CLANG_WARN_OBJC_LITERAL_CONVERSION = YES;
				CLANG_WARN_RANGE_LOOP_ANALYSIS = YES;
				CLANG_WARN_STRICT_PROTOTYPES = YES;
				CLANG_WARN_UNGUARDED_AVAILABILITY = YES_AGGRESSIVE;
				CODE_SIGN_IDENTITY = "iPhone Developer";
				CODE_SIGN_STYLE = Automatic;
				CURRENT_PROJECT_VERSION = 1;
				DEFINES_MODULE = YES;
				DEVELOPMENT_TEAM = PYJ26U4KNX;
				DYLIB_COMPATIBILITY_VERSION = 1;
				DYLIB_CURRENT_VERSION = 1;
				DYLIB_INSTALL_NAME_BASE = "@rpath";
				GCC_C_LANGUAGE_STANDARD = gnu11;
				INFOPLIST_FILE = helperlib/Info.plist;
				INSTALL_PATH = "$(LOCAL_LIBRARY_DIR)/Frameworks";
				IPHONEOS_DEPLOYMENT_TARGET = 11.0;
				LD_RUNPATH_SEARCH_PATHS = "$(inherited) @executable_path/Frameworks @loader_path/Frameworks";
				PRODUCT_BUNDLE_IDENTIFIER = com.kotlinconf.helperlib;
				PRODUCT_NAME = "$(TARGET_NAME:c99extidentifier)";
				SKIP_INSTALL = YES;
				TARGETED_DEVICE_FAMILY = "1,2";
				VERSIONING_SYSTEM = "apple-generic";
				VERSION_INFO_PREFIX = "";
			};
			name = Debug;
		};
		2C2FD8361F87ED9A003AD07B /* Release */ = {
			isa = XCBuildConfiguration;
			buildSettings = {
				CLANG_CXX_LANGUAGE_STANDARD = "gnu++14";
				CLANG_ENABLE_MODULES = YES;
				CLANG_WARN_BLOCK_CAPTURE_AUTORELEASING = YES;
				CLANG_WARN_COMMA = YES;
				CLANG_WARN_NON_LITERAL_NULL_CONVERSION = YES;
				CLANG_WARN_OBJC_LITERAL_CONVERSION = YES;
				CLANG_WARN_RANGE_LOOP_ANALYSIS = YES;
				CLANG_WARN_STRICT_PROTOTYPES = YES;
				CLANG_WARN_UNGUARDED_AVAILABILITY = YES_AGGRESSIVE;
				CODE_SIGN_IDENTITY = "iPhone Developer";
				CODE_SIGN_STYLE = Automatic;
				CURRENT_PROJECT_VERSION = 1;
				DEFINES_MODULE = YES;
				DEVELOPMENT_TEAM = PYJ26U4KNX;
				DYLIB_COMPATIBILITY_VERSION = 1;
				DYLIB_CURRENT_VERSION = 1;
				DYLIB_INSTALL_NAME_BASE = "@rpath";
				GCC_C_LANGUAGE_STANDARD = gnu11;
				INFOPLIST_FILE = helperlib/Info.plist;
				INSTALL_PATH = "$(LOCAL_LIBRARY_DIR)/Frameworks";
				IPHONEOS_DEPLOYMENT_TARGET = 11.0;
				LD_RUNPATH_SEARCH_PATHS = "$(inherited) @executable_path/Frameworks @loader_path/Frameworks";
				PRODUCT_BUNDLE_IDENTIFIER = com.kotlinconf.helperlib;
				PRODUCT_NAME = "$(TARGET_NAME:c99extidentifier)";
				SKIP_INSTALL = YES;
				TARGETED_DEVICE_FAMILY = "1,2";
				VERSIONING_SYSTEM = "apple-generic";
				VERSION_INFO_PREFIX = "";
			};
			name = Release;
		};
		2CB5404E1F56C2C4006EE521 /* Debug */ = {
			isa = XCBuildConfiguration;
			buildSettings = {
				ALWAYS_SEARCH_USER_PATHS = NO;
				CLANG_ANALYZER_NONNULL = YES;
				CLANG_ANALYZER_NUMBER_OBJECT_CONVERSION = YES_AGGRESSIVE;
				CLANG_CXX_LANGUAGE_STANDARD = "gnu++0x";
				CLANG_CXX_LIBRARY = "libc++";
				CLANG_ENABLE_MODULES = YES;
				CLANG_ENABLE_OBJC_ARC = YES;
				CLANG_WARN_BOOL_CONVERSION = YES;
				CLANG_WARN_CONSTANT_CONVERSION = YES;
				CLANG_WARN_DIRECT_OBJC_ISA_USAGE = YES_ERROR;
				CLANG_WARN_DOCUMENTATION_COMMENTS = YES;
				CLANG_WARN_EMPTY_BODY = YES;
				CLANG_WARN_ENUM_CONVERSION = YES;
				CLANG_WARN_INFINITE_RECURSION = YES;
				CLANG_WARN_INT_CONVERSION = YES;
				CLANG_WARN_OBJC_ROOT_CLASS = YES_ERROR;
				CLANG_WARN_SUSPICIOUS_MOVE = YES;
				CLANG_WARN_UNREACHABLE_CODE = YES;
				CLANG_WARN__DUPLICATE_METHOD_MATCH = YES;
				"CODE_SIGN_IDENTITY[sdk=iphoneos*]" = "iPhone Developer";
				COPY_PHASE_STRIP = NO;
				DEBUG_INFORMATION_FORMAT = dwarf;
				ENABLE_BITCODE = NO;
				ENABLE_STRICT_OBJC_MSGSEND = YES;
				ENABLE_TESTABILITY = YES;
				GCC_C_LANGUAGE_STANDARD = gnu99;
				GCC_DYNAMIC_NO_PIC = NO;
				GCC_NO_COMMON_BLOCKS = YES;
				GCC_OPTIMIZATION_LEVEL = 0;
				GCC_PREPROCESSOR_DEFINITIONS = (
					"DEBUG=1",
					"$(inherited)",
				);
				GCC_WARN_64_TO_32_BIT_CONVERSION = YES;
				GCC_WARN_ABOUT_RETURN_TYPE = YES_ERROR;
				GCC_WARN_UNDECLARED_SELECTOR = YES;
				GCC_WARN_UNINITIALIZED_AUTOS = YES_AGGRESSIVE;
				GCC_WARN_UNUSED_FUNCTION = YES;
				GCC_WARN_UNUSED_VARIABLE = YES;
				IPHONEOS_DEPLOYMENT_TARGET = 10.3;
				MTL_ENABLE_DEBUG_INFO = YES;
				ONLY_ACTIVE_ARCH = YES;
				SDKROOT = iphoneos;
			};
			name = Debug;
		};
		2CB5404F1F56C2C4006EE521 /* Release */ = {
			isa = XCBuildConfiguration;
			buildSettings = {
				ALWAYS_SEARCH_USER_PATHS = NO;
				CLANG_ANALYZER_NONNULL = YES;
				CLANG_ANALYZER_NUMBER_OBJECT_CONVERSION = YES_AGGRESSIVE;
				CLANG_CXX_LANGUAGE_STANDARD = "gnu++0x";
				CLANG_CXX_LIBRARY = "libc++";
				CLANG_ENABLE_MODULES = YES;
				CLANG_ENABLE_OBJC_ARC = YES;
				CLANG_WARN_BOOL_CONVERSION = YES;
				CLANG_WARN_CONSTANT_CONVERSION = YES;
				CLANG_WARN_DIRECT_OBJC_ISA_USAGE = YES_ERROR;
				CLANG_WARN_DOCUMENTATION_COMMENTS = YES;
				CLANG_WARN_EMPTY_BODY = YES;
				CLANG_WARN_ENUM_CONVERSION = YES;
				CLANG_WARN_INFINITE_RECURSION = YES;
				CLANG_WARN_INT_CONVERSION = YES;
				CLANG_WARN_OBJC_ROOT_CLASS = YES_ERROR;
				CLANG_WARN_SUSPICIOUS_MOVE = YES;
				CLANG_WARN_UNREACHABLE_CODE = YES;
				CLANG_WARN__DUPLICATE_METHOD_MATCH = YES;
				"CODE_SIGN_IDENTITY[sdk=iphoneos*]" = "iPhone Developer";
				COPY_PHASE_STRIP = NO;
				DEBUG_INFORMATION_FORMAT = "dwarf-with-dsym";
				ENABLE_BITCODE = NO;
				ENABLE_NS_ASSERTIONS = NO;
				ENABLE_STRICT_OBJC_MSGSEND = YES;
				GCC_C_LANGUAGE_STANDARD = gnu99;
				GCC_NO_COMMON_BLOCKS = YES;
				GCC_WARN_64_TO_32_BIT_CONVERSION = YES;
				GCC_WARN_ABOUT_RETURN_TYPE = YES_ERROR;
				GCC_WARN_UNDECLARED_SELECTOR = YES;
				GCC_WARN_UNINITIALIZED_AUTOS = YES_AGGRESSIVE;
				GCC_WARN_UNUSED_FUNCTION = YES;
				GCC_WARN_UNUSED_VARIABLE = YES;
				IPHONEOS_DEPLOYMENT_TARGET = 10.3;
				MTL_ENABLE_DEBUG_INFO = NO;
				SDKROOT = iphoneos;
				VALIDATE_PRODUCT = YES;
			};
			name = Release;
		};
		2CB540511F56C2C4006EE521 /* Debug */ = {
			isa = XCBuildConfiguration;
			buildSettings = {
				ASSETCATALOG_COMPILER_APPICON_NAME = AppIcon;
				CODE_SIGN_IDENTITY = "iPhone Developer";
				DEVELOPMENT_TEAM = 2ZEFAR8TH3;
				FRAMEWORK_SEARCH_PATHS = (
					"$(inherited)",
					"$(PROJECT_DIR)/Frameworks",
				);
				INFOPLIST_FILE = konan/Info.plist;
				IPHONEOS_DEPLOYMENT_TARGET = 9.0;
				LD_RUNPATH_SEARCH_PATHS = "$(inherited) @executable_path/Frameworks";
				PRODUCT_BUNDLE_IDENTIFIER = com.kotlinconf.iosapp;
				PRODUCT_NAME = "$(TARGET_NAME)";
			};
			name = Debug;
		};
		2CB540521F56C2C4006EE521 /* Release */ = {
			isa = XCBuildConfiguration;
			buildSettings = {
				ASSETCATALOG_COMPILER_APPICON_NAME = AppIcon;
				CODE_SIGN_IDENTITY = "iPhone Developer";
				DEVELOPMENT_TEAM = 2ZEFAR8TH3;
				FRAMEWORK_SEARCH_PATHS = (
					"$(inherited)",
					"$(PROJECT_DIR)/Frameworks",
				);
				INFOPLIST_FILE = konan/Info.plist;
				IPHONEOS_DEPLOYMENT_TARGET = 9.0;
				LD_RUNPATH_SEARCH_PATHS = "$(inherited) @executable_path/Frameworks";
				PRODUCT_BUNDLE_IDENTIFIER = com.kotlinconf.iosapp;
				PRODUCT_NAME = "$(TARGET_NAME)";
			};
			name = Release;
		};
/* End XCBuildConfiguration section */

/* Begin XCConfigurationList section */
		2C2FD8371F87ED9A003AD07B /* Build configuration list for PBXNativeTarget "helperlib" */ = {
			isa = XCConfigurationList;
			buildConfigurations = (
				2C2FD8351F87ED9A003AD07B /* Debug */,
				2C2FD8361F87ED9A003AD07B /* Release */,
			);
			defaultConfigurationIsVisible = 0;
			defaultConfigurationName = Release;
		};
		2CB540341F56C2C4006EE521 /* Build configuration list for PBXProject "konan" */ = {
			isa = XCConfigurationList;
			buildConfigurations = (
				2CB5404E1F56C2C4006EE521 /* Debug */,
				2CB5404F1F56C2C4006EE521 /* Release */,
			);
			defaultConfigurationIsVisible = 0;
			defaultConfigurationName = Release;
		};
		2CB540501F56C2C4006EE521 /* Build configuration list for PBXNativeTarget "konan" */ = {
			isa = XCConfigurationList;
			buildConfigurations = (
				2CB540511F56C2C4006EE521 /* Debug */,
				2CB540521F56C2C4006EE521 /* Release */,
			);
			defaultConfigurationIsVisible = 0;
			defaultConfigurationName = Release;
		};
/* End XCConfigurationList section */

/* Begin XCVersionGroup section */
		2CAC58301F8C38840036B104 /* konfswift.xcdatamodeld */ = {
			isa = XCVersionGroup;
			children = (
				2CAC58311F8C38840036B104 /* konfswift.xcdatamodel */,
			);
			currentVersion = 2CAC58311F8C38840036B104 /* konfswift.xcdatamodel */;
			path = konfswift.xcdatamodeld;
			sourceTree = "<group>";
			versionGroupType = wrapper.xcdatamodel;
		};
/* End XCVersionGroup section */
	};
	rootObject = 2CB540311F56C2C4006EE521 /* Project object */;
}
